
Microsoft Visual Studio Solution File, Format Version 12.00
# Visual Studio Version 17
VisualStudioVersion = 17.7.34221.43
MinimumVisualStudioVersion = 10.0.40219.1
Project("{FAE04EC0-301F-11D3-BF4B-00C04F79EFBC}") = "Uyg16", "Uyg16\Uyg16.csproj", "{4E63721D-B99A-4C4B-A2A2-6C077BC9BEAF}"
EndProject
Global
	GlobalSection(SolutionConfigurationPlatforms) = preSolution
		Debug|Any CPU = Debug|Any CPU
		Release|Any CPU = Release|Any CPU
	EndGlobalSection
	GlobalSection(ProjectConfigurationPlatforms) = postSolution
		{4E63721D-B99A-4C4B-A2A2-6C077BC9BEAF}.Debug|Any CPU.ActiveCfg = Debug|Any CPU
		{4E63721D-B99A-4C4B-A2A2-6C077BC9BEAF}.Debug|Any CPU.Build.0 = Debug|Any CPU
		{4E63721D-B99A-4C4B-A2A2-6C077BC9BEAF}.Release|Any CPU.ActiveCfg = Release|Any CPU
		{4E63721D-B99A-4C4B-A2A2-6C077BC9BEAF}.Release|Any CPU.Build.0 = Release|Any CPU
	EndGlobalSection
	GlobalSection(SolutionProperties) = preSolution
		HideSolutionNode = FALSE
	EndGlobalSection
	GlobalSection(ExtensibilityGlobals) = postSolution
		SolutionGuid = {BE861435-5982-4F18-A914-DC19C21CE388}
	EndGlobalSection
EndGlobal
